github.com/gohugoio/hugo-mod-jslibs-dist/popperjs/v2 v2.21100.20000 h1:GZxx4Hc+yb0/t3/rau1j8XlAxLE4CyXns2fqQbyqWfs=
github.com/gohugoio/hugo-mod-jslibs-dist/popperjs/v2 v2.21100.20000/go.mod h1:mFberT6ZtcchrsDtfvJM7aAH2bDKLdOnruUHl0hlapI=
github.com/gohugoio/hugo-mod-jslibs-dist/popperjs/v2 v2.21100.20001-0.20220721080824-9446184f84a8 h1:MGXkdx5pMePxLV+NyQqnCs+D2jaE+yyq7v3v477VGkk=
github.com/gohugoio/hugo-mod-jslibs-dist/popperjs/v2 v2.21100.20001-0.20220721080824-9446184f84a8/go.mod h1:mFberT6ZtcchrsDtfvJM7aAH2bDKLdOnruUHl0hlapI=
github.com/juggernautjp/hugo-widebs5-theme v0.1.1-0.20230208151852-5ad9b78a0920 h1:P/K06Ffvhmu/9ppg2HHKxKNgkc+Hfh3loLJ4igYdNv4=
github.com/juggernautjp/hugo-widebs5-theme v0.1.1-0.20230208151852-5ad9b78a0920/go.mod h1:Dt1UVHvk8a/oP54RPKopdTXuDZqS/hLrG7PDzm1RJk8=
github.com/juggernautjp/hugo-widebs5-theme v0.1.1 h1:B1Og5rMLjmhlJOOhRPz206hRcqc1zY080r5qsxKI2zk=
github.com/juggernautjp/hugo-widebs5-theme v0.1.1/go.mod h1:Dt1UVHvk8a/oP54RPKopdTXuDZqS/hLrG7PDzm1RJk8=
github.com/juggernautjp/hugo-widebs5-theme v0.1.2-0.20230319120346-e61936876796 h1:oulbLpm2FbQJoVkCOtVPVcwPyKiupX8vpRdy5m8jdKQ=
github.com/juggernautjp/hugo-widebs5-theme v0.1.2-0.20230319120346-e61936876796/go.mod h1:E3+nvBm/ZbfyBcM2T0s85jK6vh3vftSClbfTEuH4Ye0=
github.com/twbs/bootstrap v5.2.3+incompatible h1:lOmsJx587qfF7/gE7Vv4FxEofegyJlEACeVV+Mt7cgc=
github.com/twbs/bootstrap v5.2.3+incompatible/go.mod h1:fZTSrkpSf0/HkL0IIJzvVspTt1r9zuf7XlZau8kpcY0=
github.com/twbs/bootstrap v5.3.0-alpha1.0.20230206120820-cbc4e3a40985+incompatible h1:FQJzTrYYk+qGYEb4oiQlcAUBKykaw+qPRmHXqicRLgw=
github.com/twbs/bootstrap v5.3.0-alpha1.0.20230206120820-cbc4e3a40985+incompatible/go.mod h1:fZTSrkpSf0/HkL0IIJzvVspTt1r9zuf7XlZau8kpcY0=
github.com/twbs/bootstrap v5.3.0-alpha1.0.20230211091839-f5f6c5c4e359+incompatible h1:hu8ua1f7XL/dBmnQ9nSMZwBE2YAuecM2XVceLuC3+VE=
github.com/twbs/bootstrap v5.3.0-alpha1.0.20230211091839-f5f6c5c4e359+incompatible/go.mod h1:fZTSrkpSf0/HkL0IIJzvVspTt1r9zuf7XlZau8kpcY0=
github.com/twbs/bootstrap v5.3.0-alpha1.0.20230225180515-80ba84844399+incompatible h1:SNZFp84pfBt2EbMrtamrEYcLw3aMfbOSrSJw2QaXVBU=
github.com/twbs/bootstrap v5.3.0-alpha1.0.20230225180515-80ba84844399+incompatible/go.mod h1:fZTSrkpSf0/HkL0IIJzvVspTt1r9zuf7XlZau8kpcY0=
github.com/twbs/bootstrap v5.3.0-alpha1.0.20230308141634-2a2c4abaf479+incompatible h1:jrLBQVPbikeyhCF3C5vevUzcYJUUN/XSEKSKwI07DJM=
github.com/twbs/bootstrap v5.3.0-alpha1.0.20230308141634-2a2c4abaf479+incompatible/go.mod h1:fZTSrkpSf0/HkL0IIJzvVspTt1r9zuf7XlZau8kpcY0=
github.com/twbs/bootstrap v5.3.0-alpha1.0.20230310183646-59c556cea60f+incompatible h1:ethYeDp4wtv0jEaATVGoImSONx8LVH4pVxU9Qtwfbmk=
github.com/twbs/bootstrap v5.3.0-alpha1.0.20230310183646-59c556cea60f+incompatible/go.mod h1:fZTSrkpSf0/HkL0IIJzvVspTt1r9zuf7XlZau8kpcY0=
github.com/twbs/bootstrap v5.3.0-alpha1.0.20230317141954-5414880e37a7+incompatible h1:QvxUpjdIYRPb9PZ1O1i5LvCuIO9P4ru98Y43itmrZfg=
github.com/twbs/bootstrap v5.3.0-alpha1.0.20230317141954-5414880e37a7+incompatible/go.mod h1:fZTSrkpSf0/HkL0IIJzvVspTt1r9zuf7XlZau8kpcY0=
