github.com/gohugoio/hugo-mod-jslibs-dist/popperjs/v2 v2.21100.20000 h1:GZxx4Hc+yb0/t3/rau1j8XlAxLE4CyXns2fqQbyqWfs=
github.com/gohugoio/hugo-mod-jslibs-dist/popperjs/v2 v2.21100.20000/go.mod h1:mFberT6ZtcchrsDtfvJM7aAH2bDKLdOnruUHl0hlapI=
github.com/gohugoio/hugo-mod-jslibs-dist/popperjs/v2 v2.21100.20001-0.20220721080824-9446184f84a8 h1:MGXkdx5pMePxLV+NyQqnCs+D2jaE+yyq7v3v477VGkk=
github.com/gohugoio/hugo-mod-jslibs-dist/popperjs/v2 v2.21100.20001-0.20220721080824-9446184f84a8/go.mod h1:mFberT6ZtcchrsDtfvJM7aAH2bDKLdOnruUHl0hlapI=
github.com/juggernautjp/hugo-widebs5-theme v0.1.1-0.20230208151852-5ad9b78a0920 h1:P/K06Ffvhmu/9ppg2HHKxKNgkc+Hfh3loLJ4igYdNv4=
github.com/juggernautjp/hugo-widebs5-theme v0.1.1-0.20230208151852-5ad9b78a0920/go.mod h1:Dt1UVHvk8a/oP54RPKopdTXuDZqS/hLrG7PDzm1RJk8=
github.com/juggernautjp/hugo-widebs5-theme v0.1.1 h1:B1Og5rMLjmhlJOOhRPz206hRcqc1zY080r5qsxKI2zk=
github.com/juggernautjp/hugo-widebs5-theme v0.1.1/go.mod h1:Dt1UVHvk8a/oP54RPKopdTXuDZqS/hLrG7PDzm1RJk8=
github.com/juggernautjp/hugo-widebs5-theme v0.1.2-0.20230319120346-e61936876796 h1:oulbLpm2FbQJoVkCOtVPVcwPyKiupX8vpRdy5m8jdKQ=
github.com/juggernautjp/hugo-widebs5-theme v0.1.2-0.20230319120346-e61936876796/go.mod h1:E3+nvBm/ZbfyBcM2T0s85jK6vh3vftSClbfTEuH4Ye0=
github.com/juggernautjp/hugo-widebs5-theme v0.1.2-0.20230321134612-a856e2d69a28 h1:a7cqddMP/iZHxK54hJ0FjEWLcovvZUn97fLzQT8kRQQ=
github.com/juggernautjp/hugo-widebs5-theme v0.1.2-0.20230321134612-a856e2d69a28/go.mod h1:lPcMLmhr11LAa33iUGKTrMvGLiREvc+N5U154xki0Ac=
github.com/juggernautjp/hugo-widebs5-theme v0.1.2-0.20230322010924-48a0ff1c276e h1:/GS/Ej9oUEsd4h6X3yzH1FH7uELFJOsX5To69yCSugA=
github.com/juggernautjp/hugo-widebs5-theme v0.1.2-0.20230322010924-48a0ff1c276e/go.mod h1:lPcMLmhr11LAa33iUGKTrMvGLiREvc+N5U154xki0Ac=
github.com/juggernautjp/hugo-widebs5-theme v0.1.2-0.20230322114631-9e33d34aba98 h1:CFbgouMNi0iIFs88JnC+Qbo1MNUhn2lIEsp8jIVf5ks=
github.com/juggernautjp/hugo-widebs5-theme v0.1.2-0.20230322114631-9e33d34aba98/go.mod h1:lPcMLmhr11LAa33iUGKTrMvGLiREvc+N5U154xki0Ac=
github.com/juggernautjp/hugo-widebs5-theme v0.1.2-0.20230322163904-89983dc95989 h1:HslmqAFURgoI0l3QfwRr//FMNvLhj2W5KrvVcnZ6Uu8=
github.com/juggernautjp/hugo-widebs5-theme v0.1.2-0.20230322163904-89983dc95989/go.mod h1:oOeSqCXJpsCKBVgaIkfNQUOUFrnud/aa3xV8ptWXr2k=
github.com/juggernautjp/hugo-widebs5-theme v0.1.2-0.20230324084903-d9359dfb1cfc h1:eXLycth3dcV/brSfpW5glL15uLrMIuDGmKGbYyTsFZQ=
github.com/juggernautjp/hugo-widebs5-theme v0.1.2-0.20230324084903-d9359dfb1cfc/go.mod h1:I1HO90Hqk2fEWBJip4ugntzTGScg5Rn0sFRBbV1648I=
github.com/juggernautjp/hugo-widebs5-theme v0.1.2-0.20230324210342-1543ed267e89 h1:D2oTKvr/BnmN2dQl7S9+VXQe4FSH0PlZ0Gr7g/0XzlA=
github.com/juggernautjp/hugo-widebs5-theme v0.1.2-0.20230324210342-1543ed267e89/go.mod h1:z2xw7ux09nQvcDbbUpYBYZqWq3dEOULo888pfBP8mnM=
github.com/juggernautjp/hugo-widebs5-theme v0.1.2-0.20230326192440-d58a780bd1b0 h1:m7SCoB24V+xqjFUoCY27028N6u7XjIy6qyoNr5/IXJk=
github.com/juggernautjp/hugo-widebs5-theme v0.1.2-0.20230326192440-d58a780bd1b0/go.mod h1:WiFuphGVazck+UzHw6owff7lVOkcs4Jrb+SfkzH6HKg=
github.com/juggernautjp/hugo-widebs5-theme v0.1.2-0.20230328162404-ae818ac753a6 h1:toMa3PSboO6FgWYJG7a1KI36SOIrjMJcAWfLnyy/lh0=
github.com/juggernautjp/hugo-widebs5-theme v0.1.2-0.20230328162404-ae818ac753a6/go.mod h1:zqzJS/40b0ALL6OuulGKrHg30N6AK9fKc7cIAGGzIlI=
github.com/juggernautjp/hugo-widebs5-theme v0.1.2-0.20230328165047-2b20c5cda538 h1:087jeaCeJmIR4buBKn347xSj4VnCX96t3v9Z7UKOjIg=
github.com/juggernautjp/hugo-widebs5-theme v0.1.2-0.20230328165047-2b20c5cda538/go.mod h1:zqzJS/40b0ALL6OuulGKrHg30N6AK9fKc7cIAGGzIlI=
github.com/twbs/bootstrap v5.2.3+incompatible h1:lOmsJx587qfF7/gE7Vv4FxEofegyJlEACeVV+Mt7cgc=
github.com/twbs/bootstrap v5.2.3+incompatible/go.mod h1:fZTSrkpSf0/HkL0IIJzvVspTt1r9zuf7XlZau8kpcY0=
github.com/twbs/bootstrap v5.3.0-alpha1.0.20230206120820-cbc4e3a40985+incompatible h1:FQJzTrYYk+qGYEb4oiQlcAUBKykaw+qPRmHXqicRLgw=
github.com/twbs/bootstrap v5.3.0-alpha1.0.20230206120820-cbc4e3a40985+incompatible/go.mod h1:fZTSrkpSf0/HkL0IIJzvVspTt1r9zuf7XlZau8kpcY0=
github.com/twbs/bootstrap v5.3.0-alpha1.0.20230211091839-f5f6c5c4e359+incompatible h1:hu8ua1f7XL/dBmnQ9nSMZwBE2YAuecM2XVceLuC3+VE=
github.com/twbs/bootstrap v5.3.0-alpha1.0.20230211091839-f5f6c5c4e359+incompatible/go.mod h1:fZTSrkpSf0/HkL0IIJzvVspTt1r9zuf7XlZau8kpcY0=
github.com/twbs/bootstrap v5.3.0-alpha1.0.20230225180515-80ba84844399+incompatible h1:SNZFp84pfBt2EbMrtamrEYcLw3aMfbOSrSJw2QaXVBU=
github.com/twbs/bootstrap v5.3.0-alpha1.0.20230225180515-80ba84844399+incompatible/go.mod h1:fZTSrkpSf0/HkL0IIJzvVspTt1r9zuf7XlZau8kpcY0=
github.com/twbs/bootstrap v5.3.0-alpha1.0.20230308141634-2a2c4abaf479+incompatible h1:jrLBQVPbikeyhCF3C5vevUzcYJUUN/XSEKSKwI07DJM=
github.com/twbs/bootstrap v5.3.0-alpha1.0.20230308141634-2a2c4abaf479+incompatible/go.mod h1:fZTSrkpSf0/HkL0IIJzvVspTt1r9zuf7XlZau8kpcY0=
github.com/twbs/bootstrap v5.3.0-alpha1.0.20230310183646-59c556cea60f+incompatible h1:ethYeDp4wtv0jEaATVGoImSONx8LVH4pVxU9Qtwfbmk=
github.com/twbs/bootstrap v5.3.0-alpha1.0.20230310183646-59c556cea60f+incompatible/go.mod h1:fZTSrkpSf0/HkL0IIJzvVspTt1r9zuf7XlZau8kpcY0=
github.com/twbs/bootstrap v5.3.0-alpha1.0.20230317141954-5414880e37a7+incompatible h1:QvxUpjdIYRPb9PZ1O1i5LvCuIO9P4ru98Y43itmrZfg=
github.com/twbs/bootstrap v5.3.0-alpha1.0.20230317141954-5414880e37a7+incompatible/go.mod h1:fZTSrkpSf0/HkL0IIJzvVspTt1r9zuf7XlZau8kpcY0=
github.com/twbs/bootstrap v5.3.0-alpha1.0.20230321131824-7d0380520570+incompatible h1:QRK/GcNL23yLdO3K/XfauHBSbxKmjNemb6IJ0pYEvB4=
github.com/twbs/bootstrap v5.3.0-alpha1.0.20230321131824-7d0380520570+incompatible/go.mod h1:fZTSrkpSf0/HkL0IIJzvVspTt1r9zuf7XlZau8kpcY0=
github.com/twbs/bootstrap v5.3.0-alpha1.0.20230322082417-b3faa0cfac12+incompatible h1:ffM2J9XhQSvJ26K96+OpuSUtDPpg4dUUBwZRbuKJF20=
github.com/twbs/bootstrap v5.3.0-alpha1.0.20230322082417-b3faa0cfac12+incompatible/go.mod h1:fZTSrkpSf0/HkL0IIJzvVspTt1r9zuf7XlZau8kpcY0=
github.com/twbs/bootstrap v5.3.0-alpha1.0.20230323123124-aadfe7edce1a+incompatible h1:JZ8/rpaTmtl0nN8RfWjuvU16qtNilaUr2W9P8H3DEus=
github.com/twbs/bootstrap v5.3.0-alpha1.0.20230323123124-aadfe7edce1a+incompatible/go.mod h1:fZTSrkpSf0/HkL0IIJzvVspTt1r9zuf7XlZau8kpcY0=
github.com/twbs/bootstrap v5.3.0-alpha2+incompatible h1:1AOkDPZ3DgC7AznxgSVY3hhLPbC9bAB61T3pUSUJvsk=
github.com/twbs/bootstrap v5.3.0-alpha2+incompatible/go.mod h1:fZTSrkpSf0/HkL0IIJzvVspTt1r9zuf7XlZau8kpcY0=
github.com/twbs/bootstrap v5.3.0-alpha2.0.20230326105120-43bc20a59eb2+incompatible h1:MQ5jQ0N0TZKXfgjihYDjLum32VRQIXbd3BPaFslEibE=
github.com/twbs/bootstrap v5.3.0-alpha2.0.20230326105120-43bc20a59eb2+incompatible/go.mod h1:fZTSrkpSf0/HkL0IIJzvVspTt1r9zuf7XlZau8kpcY0=
github.com/twbs/bootstrap v5.3.0-alpha2.0.20230328140237-c5fde53c8d87+incompatible h1:FZYb3JDD+xHbhAxtBgR++chWvnvpaxbYC3iD7XhkugY=
github.com/twbs/bootstrap v5.3.0-alpha2.0.20230328140237-c5fde53c8d87+incompatible/go.mod h1:fZTSrkpSf0/HkL0IIJzvVspTt1r9zuf7XlZau8kpcY0=
